# This is a Gradle generated file for dependency locking.
# Manual edits can break the build and are not advised.
# This file is expected to be part of source control.
com.dorongold.plugins:task-tree:4.0.1=classpath
com.dorongold.task-tree:com.dorongold.task-tree.gradle.plugin:4.0.1=classpath
org.apache.commons:commons-lang3:3.14.0=classpath
org.codehaus.groovy:groovy-bom:3.0.21=classpath
org.codehaus.groovy:groovy:3.0.21=classpath
org.danilopianini.git-sensitive-semantic-versioning:org.danilopianini.git-sensitive-semantic-versioning.gradle.plugin:7.0.9=classpath
org.danilopianini:git-sensitive-semantic-versioning-gradle-plugin:7.0.9=classpath
org.jetbrains.kotlin:kotlin-stdlib:2.2.20=classpath
org.jetbrains:annotations:13.0=classpath
empty=
